
Microsoft Visual Studio Solution File, Format Version 12.00
# Visual Studio Version 16
VisualStudioVersion = 16.0.29306.81
MinimumVisualStudioVersion = 10.0.40219.1
Project("{9A19103F-16F7-4668-BE54-9A1E7A4F7556}") = "IECodeChallenge", "IECodeChallenge.csproj", "{A7EC8D68-7E3C-44E3-934D-D21C531398DA}"
EndProject
Project("{FAE04EC0-301F-11D3-BF4B-00C04F79EFBC}") = "IECodeChallenge.Test", "..\IECodeChallenge.Test\IECodeChallenge.Test.csproj", "{D4D2B9E8-5796-4017-B62A-7961AC02A14F}"
EndProject
Global
	GlobalSection(SolutionConfigurationPlatforms) = preSolution
		Debug|Any CPU = Debug|Any CPU
		Release|Any CPU = Release|Any CPU
	EndGlobalSection
	GlobalSection(ProjectConfigurationPlatforms) = postSolution
		{A7EC8D68-7E3C-44E3-934D-D21C531398DA}.Debug|Any CPU.ActiveCfg = Debug|Any CPU
		{A7EC8D68-7E3C-44E3-934D-D21C531398DA}.Debug|Any CPU.Build.0 = Debug|Any CPU
		{A7EC8D68-7E3C-44E3-934D-D21C531398DA}.Release|Any CPU.ActiveCfg = Release|Any CPU
		{A7EC8D68-7E3C-44E3-934D-D21C531398DA}.Release|Any CPU.Build.0 = Release|Any CPU
		{D4D2B9E8-5796-4017-B62A-7961AC02A14F}.Debug|Any CPU.ActiveCfg = Debug|Any CPU
		{D4D2B9E8-5796-4017-B62A-7961AC02A14F}.Debug|Any CPU.Build.0 = Debug|Any CPU
		{D4D2B9E8-5796-4017-B62A-7961AC02A14F}.Release|Any CPU.ActiveCfg = Release|Any CPU
		{D4D2B9E8-5796-4017-B62A-7961AC02A14F}.Release|Any CPU.Build.0 = Release|Any CPU
	EndGlobalSection
	GlobalSection(SolutionProperties) = preSolution
		HideSolutionNode = FALSE
	EndGlobalSection
	GlobalSection(ExtensibilityGlobals) = postSolution
		SolutionGuid = {1C8CF8FE-249B-418B-9536-44102CDBC6B6}
	EndGlobalSection
EndGlobal
